
Microsoft Visual Studio Solution File, Format Version 12.00
Project("{FAE04EC0-301F-11D3-BF4B-00C04F79EFBC}") = "RuntimeDiagnosis.Core", "RuntimeDiagnosis.Core\RuntimeDiagnosis.Core.csproj", "{0C87695F-E32F-4475-A646-92F958E0D9F1}"
EndProject
Project("{FAE04EC0-301F-11D3-BF4B-00C04F79EFBC}") = "RuntimeDiagnosis.Core.IntegrationTests", "RuntimeDiagnosis.Core.IntegrationTests\RuntimeDiagnosis.Core.IntegrationTests.csproj", "{313EE0B4-428B-4AC7-ADC1-54AEB41DF3AA}"
EndProject
Project("{FAE04EC0-301F-11D3-BF4B-00C04F79EFBC}") = "RuntimeDiagnosis.Kit", "RuntimeDiagnosis.Kit\RuntimeDiagnosis.Kit.csproj", "{AF8C02A7-7EC2-432F-BA0A-97F6D591E449}"
EndProject
Project("{FAE04EC0-301F-11D3-BF4B-00C04F79EFBC}") = "RuntimeDiagnosis.Core.UnitTests", "RuntimeDiagnosis.Core.UnitTests\RuntimeDiagnosis.Core.UnitTests.csproj", "{DE478104-EBCF-49D4-A9C0-0CF08DAEF545}"
EndProject
Global
	GlobalSection(SolutionConfigurationPlatforms) = preSolution
		Debug|Any CPU = Debug|Any CPU
		Release|Any CPU = Release|Any CPU
	EndGlobalSection
	GlobalSection(ProjectConfigurationPlatforms) = postSolution
		{0C87695F-E32F-4475-A646-92F958E0D9F1}.Debug|Any CPU.ActiveCfg = Debug|Any CPU
		{0C87695F-E32F-4475-A646-92F958E0D9F1}.Debug|Any CPU.Build.0 = Debug|Any CPU
		{0C87695F-E32F-4475-A646-92F958E0D9F1}.Release|Any CPU.ActiveCfg = Release|Any CPU
		{0C87695F-E32F-4475-A646-92F958E0D9F1}.Release|Any CPU.Build.0 = Release|Any CPU
		{313EE0B4-428B-4AC7-ADC1-54AEB41DF3AA}.Debug|Any CPU.ActiveCfg = Debug|Any CPU
		{313EE0B4-428B-4AC7-ADC1-54AEB41DF3AA}.Debug|Any CPU.Build.0 = Debug|Any CPU
		{313EE0B4-428B-4AC7-ADC1-54AEB41DF3AA}.Release|Any CPU.ActiveCfg = Release|Any CPU
		{313EE0B4-428B-4AC7-ADC1-54AEB41DF3AA}.Release|Any CPU.Build.0 = Release|Any CPU
		{AF8C02A7-7EC2-432F-BA0A-97F6D591E449}.Debug|Any CPU.ActiveCfg = Debug|Any CPU
		{AF8C02A7-7EC2-432F-BA0A-97F6D591E449}.Debug|Any CPU.Build.0 = Debug|Any CPU
		{AF8C02A7-7EC2-432F-BA0A-97F6D591E449}.Release|Any CPU.ActiveCfg = Release|Any CPU
		{AF8C02A7-7EC2-432F-BA0A-97F6D591E449}.Release|Any CPU.Build.0 = Release|Any CPU
		{DE478104-EBCF-49D4-A9C0-0CF08DAEF545}.Debug|Any CPU.ActiveCfg = Debug|Any CPU
		{DE478104-EBCF-49D4-A9C0-0CF08DAEF545}.Debug|Any CPU.Build.0 = Debug|Any CPU
		{DE478104-EBCF-49D4-A9C0-0CF08DAEF545}.Release|Any CPU.ActiveCfg = Release|Any CPU
		{DE478104-EBCF-49D4-A9C0-0CF08DAEF545}.Release|Any CPU.Build.0 = Release|Any CPU
	EndGlobalSection
EndGlobal
